<?xml version="1.0" encoding="utf-8"?>
<Project ToolsVersion="4.0" xmlns="http://schemas.microsoft.com/developer/msbuild/2003">
  <ItemGroup>
    <ClCompile Include="DriverEntry.cpp">
      <Filter>Source</Filter>
    </ClCompile>
    <ClCompile Include="DriverUtil.cpp">
      <Filter>Source</Filter>
    </ClCompile>
    <ClCompile Include="Hooks.cpp">
      <Filter>Source</Filter>
    </ClCompile>
    <ClCompile Include="Memory.cpp">
      <Filter>Source</Filter>
    </ClCompile>
  </ItemGroup>
  <ItemGroup>
    <ClInclude Include="DriverUtil.h">
      <Filter>Headers</Filter>
    </ClInclude>
    <ClInclude Include="Hooks.h">
      <Filter>Headers</Filter>
    </ClInclude>
    <ClInclude Include="Memory.h">
      <Filter>Headers</Filter>
    </ClInclude>
    <ClInclude Include="Types.h">
      <Filter>Headers</Filter>
    </ClInclude>
  </ItemGroup>
  <ItemGroup>
    <Filter Include="Headers">
      <UniqueIdentifier>{b2f67e29-768d-4980-9e9e-c112e9c7635e}</UniqueIdentifier>
    </Filter>
    <Filter Include="Source">
      <UniqueIdentifier>{937d350f-e918-446d-9ee9-1a9d69013f1b}</UniqueIdentifier>
    </Filter>
  </ItemGroup>
</Project>